// !$*UTF8*$!
{
	archiveVersion = 1;
	classes = {
	};
	objectVersion = 46;
	objects = {

/* Begin PBXBuildFile section */
		490700E01E7C5673005C4F63 /* RoundCornersAndShadowForView.swift in Sources */ = {isa = PBXBuildFile; fileRef = 490700DF1E7C5673005C4F63 /* RoundCornersAndShadowForView.swift */; };
		490700E21E7CAAAB005C4F63 /* FeedCell.swift in Sources */ = {isa = PBXBuildFile; fileRef = 490700E11E7CAAAB005C4F63 /* FeedCell.swift */; };
		493EFFC21E85DD30001B25AF /* ValidationFunctions.swift in Sources */ = {isa = PBXBuildFile; fileRef = 493EFFC11E85DD2F001B25AF /* ValidationFunctions.swift */; };
		4942B8D51E63DFD700DEAABB /* NewsFeedVC.swift in Sources */ = {isa = PBXBuildFile; fileRef = 4942B8D41E63DFD700DEAABB /* NewsFeedVC.swift */; };
		4942B8D71E63E01100DEAABB /* SecondVC.swift in Sources */ = {isa = PBXBuildFile; fileRef = 4942B8D61E63E01100DEAABB /* SecondVC.swift */; };
		49469BBB1EA0469600618A39 /* GoogleService-Info.plist in Resources */ = {isa = PBXBuildFile; fileRef = 49469BBA1EA0469600618A39 /* GoogleService-Info.plist */; };
		495150BB1E70E07C00C984D4 /* Main.storyboard in Resources */ = {isa = PBXBuildFile; fileRef = 495150BA1E70E07C00C984D4 /* Main.storyboard */; };
		497626011EA20F70006DE3BB /* Constants.swift in Sources */ = {isa = PBXBuildFile; fileRef = 497626001EA20F70006DE3BB /* Constants.swift */; };
		497626031EA33397006DE3BB /* DataService.swift in Sources */ = {isa = PBXBuildFile; fileRef = 497626021EA33397006DE3BB /* DataService.swift */; };
		49972CD41E831269003CEB1A /* ToolbarOnKeyboard.swift in Sources */ = {isa = PBXBuildFile; fileRef = 49972CD31E831269003CEB1A /* ToolbarOnKeyboard.swift */; };
		499FF3211E5A3B3300CE6E6B /* AppDelegate.swift in Sources */ = {isa = PBXBuildFile; fileRef = 499FF3201E5A3B3300CE6E6B /* AppDelegate.swift */; };
		499FF3231E5A3B3300CE6E6B /* MainScreenVC.swift in Sources */ = {isa = PBXBuildFile; fileRef = 499FF3221E5A3B3300CE6E6B /* MainScreenVC.swift */; };
		499FF3281E5A3B3400CE6E6B /* Assets.xcassets in Resources */ = {isa = PBXBuildFile; fileRef = 499FF3271E5A3B3400CE6E6B /* Assets.xcassets */; };
		499FF32B1E5A3B3400CE6E6B /* LaunchScreen.storyboard in Resources */ = {isa = PBXBuildFile; fileRef = 499FF3291E5A3B3400CE6E6B /* LaunchScreen.storyboard */; };
		499FF3331E5A5FBD00CE6E6B /* CreateUserVC.swift in Sources */ = {isa = PBXBuildFile; fileRef = 499FF3321E5A5FBD00CE6E6B /* CreateUserVC.swift */; };
		49CE3FFF1E65169000CD5A7D /* RoundButtonWithShadow.swift in Sources */ = {isa = PBXBuildFile; fileRef = 49CE3FFE1E65169000CD5A7D /* RoundButtonWithShadow.swift */; };
		49CE40011E65300900CD5A7D /* TextFieldCustom.swift in Sources */ = {isa = PBXBuildFile; fileRef = 49CE40001E65300900CD5A7D /* TextFieldCustom.swift */; };
		557290A14B7CCE3A1E8080C1 /* Pods_shpe_test.framework in Frameworks */ = {isa = PBXBuildFile; fileRef = 0C76310B85DA854059A843A1 /* Pods_shpe_test.framework */; };
/* End PBXBuildFile section */

/* Begin PBXFileReference section */
		0C76310B85DA854059A843A1 /* Pods_shpe_test.framework */ = {isa = PBXFileReference; explicitFileType = wrapper.framework; includeInIndex = 0; path = Pods_shpe_test.framework; sourceTree = BUILT_PRODUCTS_DIR; };
		3F0E35B14D25D7DD49647E17 /* Pods-shpe_test.release.xcconfig */ = {isa = PBXFileReference; includeInIndex = 1; lastKnownFileType = text.xcconfig; name = "Pods-shpe_test.release.xcconfig"; path = "Pods/Target Support Files/Pods-shpe_test/Pods-shpe_test.release.xcconfig"; sourceTree = "<group>"; };
		490700DF1E7C5673005C4F63 /* RoundCornersAndShadowForView.swift */ = {isa = PBXFileReference; fileEncoding = 4; lastKnownFileType = sourcecode.swift; path = RoundCornersAndShadowForView.swift; sourceTree = "<group>"; };
		490700E11E7CAAAB005C4F63 /* FeedCell.swift */ = {isa = PBXFileReference; fileEncoding = 4; lastKnownFileType = sourcecode.swift; path = FeedCell.swift; sourceTree = "<group>"; };
		493EFFC11E85DD2F001B25AF /* ValidationFunctions.swift */ = {isa = PBXFileReference; fileEncoding = 4; lastKnownFileType = sourcecode.swift; path = ValidationFunctions.swift; sourceTree = "<group>"; };
		4942B8D41E63DFD700DEAABB /* NewsFeedVC.swift */ = {isa = PBXFileReference; fileEncoding = 4; lastKnownFileType = sourcecode.swift; path = NewsFeedVC.swift; sourceTree = "<group>"; };
		4942B8D61E63E01100DEAABB /* SecondVC.swift */ = {isa = PBXFileReference; fileEncoding = 4; lastKnownFileType = sourcecode.swift; path = SecondVC.swift; sourceTree = "<group>"; };
		49469BBA1EA0469600618A39 /* GoogleService-Info.plist */ = {isa = PBXFileReference; fileEncoding = 4; lastKnownFileType = text.plist.xml; path = "GoogleService-Info.plist"; sourceTree = "<group>"; };
		495150BA1E70E07C00C984D4 /* Main.storyboard */ = {isa = PBXFileReference; fileEncoding = 4; lastKnownFileType = file.storyboard; name = Main.storyboard; path = ../Main.storyboard; sourceTree = "<group>"; };
		497626001EA20F70006DE3BB /* Constants.swift */ = {isa = PBXFileReference; fileEncoding = 4; lastKnownFileType = sourcecode.swift; path = Constants.swift; sourceTree = "<group>"; };
		497626021EA33397006DE3BB /* DataService.swift */ = {isa = PBXFileReference; fileEncoding = 4; lastKnownFileType = sourcecode.swift; path = DataService.swift; sourceTree = "<group>"; };
		49972CD31E831269003CEB1A /* ToolbarOnKeyboard.swift */ = {isa = PBXFileReference; fileEncoding = 4; lastKnownFileType = sourcecode.swift; path = ToolbarOnKeyboard.swift; sourceTree = "<group>"; };
		499FF31D1E5A3B3300CE6E6B /* shpe_test.app */ = {isa = PBXFileReference; explicitFileType = wrapper.application; includeInIndex = 0; path = shpe_test.app; sourceTree = BUILT_PRODUCTS_DIR; };
		499FF3201E5A3B3300CE6E6B /* AppDelegate.swift */ = {isa = PBXFileReference; lastKnownFileType = sourcecode.swift; path = AppDelegate.swift; sourceTree = "<group>"; };
		499FF3221E5A3B3300CE6E6B /* MainScreenVC.swift */ = {isa = PBXFileReference; lastKnownFileType = sourcecode.swift; path = MainScreenVC.swift; sourceTree = "<group>"; };
		499FF3271E5A3B3400CE6E6B /* Assets.xcassets */ = {isa = PBXFileReference; lastKnownFileType = folder.assetcatalog; path = Assets.xcassets; sourceTree = "<group>"; };
		499FF32A1E5A3B3400CE6E6B /* Base */ = {isa = PBXFileReference; lastKnownFileType = file.storyboard; name = Base; path = Base.lproj/LaunchScreen.storyboard; sourceTree = "<group>"; };
		499FF32C1E5A3B3400CE6E6B /* Info.plist */ = {isa = PBXFileReference; lastKnownFileType = text.plist.xml; path = Info.plist; sourceTree = "<group>"; };
		499FF3321E5A5FBD00CE6E6B /* CreateUserVC.swift */ = {isa = PBXFileReference; fileEncoding = 4; lastKnownFileType = sourcecode.swift; path = CreateUserVC.swift; sourceTree = "<group>"; };
		49CE3FFE1E65169000CD5A7D /* RoundButtonWithShadow.swift */ = {isa = PBXFileReference; fileEncoding = 4; lastKnownFileType = sourcecode.swift; path = RoundButtonWithShadow.swift; sourceTree = "<group>"; };
		49CE40001E65300900CD5A7D /* TextFieldCustom.swift */ = {isa = PBXFileReference; fileEncoding = 4; lastKnownFileType = sourcecode.swift; path = TextFieldCustom.swift; sourceTree = "<group>"; };
		D4D2BBE89C54FACBAD958293 /* Pods-shpe_test.debug.xcconfig */ = {isa = PBXFileReference; includeInIndex = 1; lastKnownFileType = text.xcconfig; name = "Pods-shpe_test.debug.xcconfig"; path = "Pods/Target Support Files/Pods-shpe_test/Pods-shpe_test.debug.xcconfig"; sourceTree = "<group>"; };
/* End PBXFileReference section */

/* Begin PBXFrameworksBuildPhase section */
		499FF31A1E5A3B3300CE6E6B /* Frameworks */ = {
			isa = PBXFrameworksBuildPhase;
			buildActionMask = 2147483647;
			files = (
				557290A14B7CCE3A1E8080C1 /* Pods_shpe_test.framework in Frameworks */,
			);
			runOnlyForDeploymentPostprocessing = 0;
		};
/* End PBXFrameworksBuildPhase section */

/* Begin PBXGroup section */
		331412307B20EFC846A6554E /* Frameworks */ = {
			isa = PBXGroup;
			children = (
				0C76310B85DA854059A843A1 /* Pods_shpe_test.framework */,
			);
			name = Frameworks;
			sourceTree = "<group>";
		};
		490700DE1E7C5614005C4F63 /* Model */ = {
			isa = PBXGroup;
			children = (
				490700E11E7CAAAB005C4F63 /* FeedCell.swift */,
				49972CD31E831269003CEB1A /* ToolbarOnKeyboard.swift */,
			);
			name = Model;
			sourceTree = "<group>";
		};
		4956B4AD1E5D019E0031590F /* Contollers */ = {
			isa = PBXGroup;
			children = (
				499FF3321E5A5FBD00CE6E6B /* CreateUserVC.swift */,
				499FF3221E5A3B3300CE6E6B /* MainScreenVC.swift */,
				4942B8D41E63DFD700DEAABB /* NewsFeedVC.swift */,
				4942B8D61E63E01100DEAABB /* SecondVC.swift */,
			);
			name = Contollers;
			sourceTree = "<group>";
		};
		497625FE1EA1E777006DE3BB /* View */ = {
			isa = PBXGroup;
			children = (
				49CE3FFE1E65169000CD5A7D /* RoundButtonWithShadow.swift */,
				49CE40001E65300900CD5A7D /* TextFieldCustom.swift */,
				490700DF1E7C5673005C4F63 /* RoundCornersAndShadowForView.swift */,
			);
			name = View;
			sourceTree = "<group>";
		};
		497625FF1EA1E7A8006DE3BB /* Util */ = {
			isa = PBXGroup;
			children = (
				493EFFC11E85DD2F001B25AF /* ValidationFunctions.swift */,
				497626001EA20F70006DE3BB /* Constants.swift */,
			);
			name = Util;
			sourceTree = "<group>";
		};
		499FF3141E5A3B3300CE6E6B = {
			isa = PBXGroup;
			children = (
				499FF31F1E5A3B3300CE6E6B /* shpe_test */,
				499FF31E1E5A3B3300CE6E6B /* Products */,
				9C6EEAC9E6FD89CA40F7D55B /* Pods */,
				331412307B20EFC846A6554E /* Frameworks */,
			);
			sourceTree = "<group>";
		};
		499FF31E1E5A3B3300CE6E6B /* Products */ = {
			isa = PBXGroup;
			children = (
				499FF31D1E5A3B3300CE6E6B /* shpe_test.app */,
			);
			name = Products;
			sourceTree = "<group>";
		};
		499FF31F1E5A3B3300CE6E6B /* shpe_test */ = {
			isa = PBXGroup;
			children = (
				497625FF1EA1E7A8006DE3BB /* Util */,
				497625FE1EA1E777006DE3BB /* View */,
				490700DE1E7C5614005C4F63 /* Model */,
				4956B4AD1E5D019E0031590F /* Contollers */,
				499FF3201E5A3B3300CE6E6B /* AppDelegate.swift */,
				499FF3271E5A3B3400CE6E6B /* Assets.xcassets */,
				495150BA1E70E07C00C984D4 /* Main.storyboard */,
				499FF3291E5A3B3400CE6E6B /* LaunchScreen.storyboard */,
				499FF32C1E5A3B3400CE6E6B /* Info.plist */,
				49469BBA1EA0469600618A39 /* GoogleService-Info.plist */,
				497626021EA33397006DE3BB /* DataService.swift */,
			);
			path = shpe_test;
			sourceTree = "<group>";
		};
		9C6EEAC9E6FD89CA40F7D55B /* Pods */ = {
			isa = PBXGroup;
			children = (
				D4D2BBE89C54FACBAD958293 /* Pods-shpe_test.debug.xcconfig */,
				3F0E35B14D25D7DD49647E17 /* Pods-shpe_test.release.xcconfig */,
			);
			name = Pods;
			sourceTree = "<group>";
		};
/* End PBXGroup section */

/* Begin PBXNativeTarget section */
		499FF31C1E5A3B3300CE6E6B /* shpe_test */ = {
			isa = PBXNativeTarget;
			buildConfigurationList = 499FF32F1E5A3B3400CE6E6B /* Build configuration list for PBXNativeTarget "shpe_test" */;
			buildPhases = (
				83526BEF58F89825C5387078 /* [CP] Check Pods Manifest.lock */,
				499FF3191E5A3B3300CE6E6B /* Sources */,
				499FF31A1E5A3B3300CE6E6B /* Frameworks */,
				499FF31B1E5A3B3300CE6E6B /* Resources */,
				0EEC9BBCDC906D67896B9895 /* [CP] Embed Pods Frameworks */,
				AB57987B3BFABA596256EC7E /* [CP] Copy Pods Resources */,
			);
			buildRules = (
			);
			dependencies = (
			);
			name = shpe_test;
			productName = shpe_test;
			productReference = 499FF31D1E5A3B3300CE6E6B /* shpe_test.app */;
			productType = "com.apple.product-type.application";
		};
/* End PBXNativeTarget section */

/* Begin PBXProject section */
		499FF3151E5A3B3300CE6E6B /* Project object */ = {
			isa = PBXProject;
			attributes = {
				LastSwiftUpdateCheck = 0820;
				LastUpgradeCheck = 0820;
				ORGANIZATIONNAME = "Sergio Perez-Aponte";
				TargetAttributes = {
					499FF31C1E5A3B3300CE6E6B = {
						CreatedOnToolsVersion = 8.2.1;
						DevelopmentTeam = Z6YN7RJW4G;
						ProvisioningStyle = Automatic;
					};
				};
			};
			buildConfigurationList = 499FF3181E5A3B3300CE6E6B /* Build configuration list for PBXProject "shpe_test" */;
			compatibilityVersion = "Xcode 3.2";
			developmentRegion = English;
			hasScannedForEncodings = 0;
			knownRegions = (
				en,
				Base,
			);
			mainGroup = 499FF3141E5A3B3300CE6E6B;
			productRefGroup = 499FF31E1E5A3B3300CE6E6B /* Products */;
			projectDirPath = "";
			projectRoot = "";
			targets = (
				499FF31C1E5A3B3300CE6E6B /* shpe_test */,
			);
		};
/* End PBXProject section */

/* Begin PBXResourcesBuildPhase section */
		499FF31B1E5A3B3300CE6E6B /* Resources */ = {
			isa = PBXResourcesBuildPhase;
			buildActionMask = 2147483647;
			files = (
				499FF32B1E5A3B3400CE6E6B /* LaunchScreen.storyboard in Resources */,
				49469BBB1EA0469600618A39 /* GoogleService-Info.plist in Resources */,
				499FF3281E5A3B3400CE6E6B /* Assets.xcassets in Resources */,
				495150BB1E70E07C00C984D4 /* Main.storyboard in Resources */,
			);
			runOnlyForDeploymentPostprocessing = 0;
		};
/* End PBXResourcesBuildPhase section */

/* Begin PBXShellScriptBuildPhase section */
		0EEC9BBCDC906D67896B9895 /* [CP] Embed Pods Frameworks */ = {
			isa = PBXShellScriptBuildPhase;
			buildActionMask = 2147483647;
			files = (
			);
			inputPaths = (
			);
			name = "[CP] Embed Pods Frameworks";
			outputPaths = (
			);
			runOnlyForDeploymentPostprocessing = 0;
			shellPath = /bin/sh;
			shellScript = "\"${SRCROOT}/Pods/Target Support Files/Pods-shpe_test/Pods-shpe_test-frameworks.sh\"\n";
			showEnvVarsInLog = 0;
		};
		83526BEF58F89825C5387078 /* [CP] Check Pods Manifest.lock */ = {
			isa = PBXShellScriptBuildPhase;
			buildActionMask = 2147483647;
			files = (
			);
			inputPaths = (
			);
			name = "[CP] Check Pods Manifest.lock";
			outputPaths = (
			);
			runOnlyForDeploymentPostprocessing = 0;
			shellPath = /bin/sh;
			shellScript = "diff \"${PODS_ROOT}/../Podfile.lock\" \"${PODS_ROOT}/Manifest.lock\" > /dev/null\nif [ $? != 0 ] ; then\n    # print error to STDERR\n    echo \"error: The sandbox is not in sync with the Podfile.lock. Run 'pod install' or update your CocoaPods installation.\" >&2\n    exit 1\nfi\n";
			showEnvVarsInLog = 0;
		};
		AB57987B3BFABA596256EC7E /* [CP] Copy Pods Resources */ = {
			isa = PBXShellScriptBuildPhase;
			buildActionMask = 2147483647;
			files = (
			);
			inputPaths = (
			);
			name = "[CP] Copy Pods Resources";
			outputPaths = (
			);
			runOnlyForDeploymentPostprocessing = 0;
			shellPath = /bin/sh;
			shellScript = "\"${SRCROOT}/Pods/Target Support Files/Pods-shpe_test/Pods-shpe_test-resources.sh\"\n";
			showEnvVarsInLog = 0;
		};
/* End PBXShellScriptBuildPhase section */

/* Begin PBXSourcesBuildPhase section */
		499FF3191E5A3B3300CE6E6B /* Sources */ = {
			isa = PBXSourcesBuildPhase;
			buildActionMask = 2147483647;
			files = (
				499FF3331E5A5FBD00CE6E6B /* CreateUserVC.swift in Sources */,
				497626031EA33397006DE3BB /* DataService.swift in Sources */,
				499FF3231E5A3B3300CE6E6B /* MainScreenVC.swift in Sources */,
				4942B8D51E63DFD700DEAABB /* NewsFeedVC.swift in Sources */,
				493EFFC21E85DD30001B25AF /* ValidationFunctions.swift in Sources */,
				49972CD41E831269003CEB1A /* ToolbarOnKeyboard.swift in Sources */,
				499FF3211E5A3B3300CE6E6B /* AppDelegate.swift in Sources */,
				490700E01E7C5673005C4F63 /* RoundCornersAndShadowForView.swift in Sources */,
				49CE40011E65300900CD5A7D /* TextFieldCustom.swift in Sources */,
				4942B8D71E63E01100DEAABB /* SecondVC.swift in Sources */,
				49CE3FFF1E65169000CD5A7D /* RoundButtonWithShadow.swift in Sources */,
				490700E21E7CAAAB005C4F63 /* FeedCell.swift in Sources */,
				497626011EA20F70006DE3BB /* Constants.swift in Sources */,
			);
			runOnlyForDeploymentPostprocessing = 0;
		};
/* End PBXSourcesBuildPhase section */

/* Begin PBXVariantGroup section */
		499FF3291E5A3B3400CE6E6B /* LaunchScreen.storyboard */ = {
			isa = PBXVariantGroup;
			children = (
				499FF32A1E5A3B3400CE6E6B /* Base */,
			);
			name = LaunchScreen.storyboard;
			sourceTree = "<group>";
		};
/* End PBXVariantGroup section */

/* Begin XCBuildConfiguration section */
		499FF32D1E5A3B3400CE6E6B /* Debug */ = {
			isa = XCBuildConfiguration;
			buildSettings = {
				ALWAYS_SEARCH_USER_PATHS = NO;
				CLANG_ANALYZER_NONNULL = YES;
				CLANG_CXX_LANGUAGE_STANDARD = "gnu++0x";
				CLANG_CXX_LIBRARY = "libc++";
				CLANG_ENABLE_MODULES = YES;
				CLANG_ENABLE_OBJC_ARC = YES;
				CLANG_WARN_BOOL_CONVERSION = YES;
				CLANG_WARN_CONSTANT_CONVERSION = YES;
				CLANG_WARN_DIRECT_OBJC_ISA_USAGE = YES_ERROR;
				CLANG_WARN_DOCUMENTATION_COMMENTS = YES;
				CLANG_WARN_EMPTY_BODY = YES;
				CLANG_WARN_ENUM_CONVERSION = YES;
				CLANG_WARN_INFINITE_RECURSION = YES;
				CLANG_WARN_INT_CONVERSION = YES;
				CLANG_WARN_OBJC_ROOT_CLASS = YES_ERROR;
				CLANG_WARN_SUSPICIOUS_MOVE = YES;
				CLANG_WARN_UNREACHABLE_CODE = YES;
				CLANG_WARN__DUPLICATE_METHOD_MATCH = YES;
				"CODE_SIGN_IDENTITY[sdk=iphoneos*]" = "iPhone Developer";
				COPY_PHASE_STRIP = NO;
				DEBUG_INFORMATION_FORMAT = dwarf;
				ENABLE_STRICT_OBJC_MSGSEND = YES;
				ENABLE_TESTABILITY = YES;
				GCC_C_LANGUAGE_STANDARD = gnu99;
				GCC_DYNAMIC_NO_PIC = NO;
				GCC_NO_COMMON_BLOCKS = YES;
				GCC_OPTIMIZATION_LEVEL = 0;
				GCC_PREPROCESSOR_DEFINITIONS = (
					"DEBUG=1",
					"$(inherited)",
				);
				GCC_WARN_64_TO_32_BIT_CONVERSION = YES;
				GCC_WARN_ABOUT_RETURN_TYPE = YES_ERROR;
				GCC_WARN_UNDECLARED_SELECTOR = YES;
				GCC_WARN_UNINITIALIZED_AUTOS = YES_AGGRESSIVE;
				GCC_WARN_UNUSED_FUNCTION = YES;
				GCC_WARN_UNUSED_VARIABLE = YES;
				IPHONEOS_DEPLOYMENT_TARGET = 10.2;
				MTL_ENABLE_DEBUG_INFO = YES;
				ONLY_ACTIVE_ARCH = YES;
				SDKROOT = iphoneos;
				SWIFT_ACTIVE_COMPILATION_CONDITIONS = DEBUG;
				SWIFT_OPTIMIZATION_LEVEL = "-Onone";
			};
			name = Debug;
		};
		499FF32E1E5A3B3400CE6E6B /* Release */ = {
			isa = XCBuildConfiguration;
			buildSettings = {
				ALWAYS_SEARCH_USER_PATHS = NO;
				CLANG_ANALYZER_NONNULL = YES;
				CLANG_CXX_LANGUAGE_STANDARD = "gnu++0x";
				CLANG_CXX_LIBRARY = "libc++";
				CLANG_ENABLE_MODULES = YES;
				CLANG_ENABLE_OBJC_ARC = YES;
				CLANG_WARN_BOOL_CONVERSION = YES;
				CLANG_WARN_CONSTANT_CONVERSION = YES;
				CLANG_WARN_DIRECT_OBJC_ISA_USAGE = YES_ERROR;
				CLANG_WARN_DOCUMENTATION_COMMENTS = YES;
				CLANG_WARN_EMPTY_BODY = YES;
				CLANG_WARN_ENUM_CONVERSION = YES;
				CLANG_WARN_INFINITE_RECURSION = YES;
				CLANG_WARN_INT_CONVERSION = YES;
				CLANG_WARN_OBJC_ROOT_CLASS = YES_ERROR;
				CLANG_WARN_SUSPICIOUS_MOVE = YES;
				CLANG_WARN_UNREACHABLE_CODE = YES;
				CLANG_WARN__DUPLICATE_METHOD_MATCH = YES;
				"CODE_SIGN_IDENTITY[sdk=iphoneos*]" = "iPhone Developer";
				COPY_PHASE_STRIP = NO;
				DEBUG_INFORMATION_FORMAT = "dwarf-with-dsym";
				ENABLE_NS_ASSERTIONS = NO;
				ENABLE_STRICT_OBJC_MSGSEND = YES;
				GCC_C_LANGUAGE_STANDARD = gnu99;
				GCC_NO_COMMON_BLOCKS = YES;
				GCC_WARN_64_TO_32_BIT_CONVERSION = YES;
				GCC_WARN_ABOUT_RETURN_TYPE = YES_ERROR;
				GCC_WARN_UNDECLARED_SELECTOR = YES;
				GCC_WARN_UNINITIALIZED_AUTOS = YES_AGGRESSIVE;
				GCC_WARN_UNUSED_FUNCTION = YES;
				GCC_WARN_UNUSED_VARIABLE = YES;
				IPHONEOS_DEPLOYMENT_TARGET = 10.2;
				MTL_ENABLE_DEBUG_INFO = NO;
				SDKROOT = iphoneos;
				SWIFT_OPTIMIZATION_LEVEL = "-Owholemodule";
				VALIDATE_PRODUCT = YES;
			};
			name = Release;
		};
		499FF3301E5A3B3400CE6E6B /* Debug */ = {
			isa = XCBuildConfiguration;
			baseConfigurationReference = D4D2BBE89C54FACBAD958293 /* Pods-shpe_test.debug.xcconfig */;
			buildSettings = {
				ASSETCATALOG_COMPILER_APPICON_NAME = AppIcon;
				DEVELOPMENT_TEAM = Z6YN7RJW4G;
				INFOPLIST_FILE = shpe_test/Info.plist;
				IPHONEOS_DEPLOYMENT_TARGET = 9.0;
				LD_RUNPATH_SEARCH_PATHS = "$(inherited) @executable_path/Frameworks";
				PRODUCT_BUNDLE_IDENTIFIER = com.shpeucf.shpeApp;
				PRODUCT_NAME = "$(TARGET_NAME)";
				SWIFT_VERSION = 3.0;
			};
			name = Debug;
		};
		499FF3311E5A3B3400CE6E6B /* Release */ = {
			isa = XCBuildConfiguration;
			baseConfigurationReference = 3F0E35B14D25D7DD49647E17 /* Pods-shpe_test.release.xcconfig */;
			buildSettings = {
				ASSETCATALOG_COMPILER_APPICON_NAME = AppIcon;
				DEVELOPMENT_TEAM = Z6YN7RJW4G;
				INFOPLIST_FILE = shpe_test/Info.plist;
				IPHONEOS_DEPLOYMENT_TARGET = 9.0;
				LD_RUNPATH_SEARCH_PATHS = "$(inherited) @executable_path/Frameworks";
				PRODUCT_BUNDLE_IDENTIFIER = com.shpeucf.shpeApp;
				PRODUCT_NAME = "$(TARGET_NAME)";
				SWIFT_VERSION = 3.0;
			};
			name = Release;
		};
/* End XCBuildConfiguration section */

/* Begin XCConfigurationList section */
		499FF3181E5A3B3300CE6E6B /* Build configuration list for PBXProject "shpe_test" */ = {
			isa = XCConfigurationList;
			buildConfigurations = (
				499FF32D1E5A3B3400CE6E6B /* Debug */,
				499FF32E1E5A3B3400CE6E6B /* Release */,
			);
			defaultConfigurationIsVisible = 0;
			defaultConfigurationName = Release;
		};
		499FF32F1E5A3B3400CE6E6B /* Build configuration list for PBXNativeTarget "shpe_test" */ = {
			isa = XCConfigurationList;
			buildConfigurations = (
				499FF3301E5A3B3400CE6E6B /* Debug */,
				499FF3311E5A3B3400CE6E6B /* Release */,
			);
			defaultConfigurationIsVisible = 0;
			defaultConfigurationName = Release;
		};
/* End XCConfigurationList section */
	};
	rootObject = 499FF3151E5A3B3300CE6E6B /* Project object */;
}
